
Microsoft Visual Studio Solution File, Format Version 12.00
# Visual Studio Version 16
VisualStudioVersion = 16.0.30804.86
MinimumVisualStudioVersion = 10.0.40219.1
Project("{FAE04EC0-301F-11D3-BF4B-00C04F79EFBC}") = "IngramMicro.USIT.OST.API.Automation", "IngramMicro.USIT.OST.API.Automation\IngramMicro.USIT.OST.API.Automation.csproj", "{E2026F95-BA6B-448A-A98E-36879F3C099A}"
EndProject
Project("{FAE04EC0-301F-11D3-BF4B-00C04F79EFBC}") = "IngramMicro.USIT.OST.API.NunitConsole", "IngramMicro.USIT.OST.API.NunitConsole\IngramMicro.USIT.OST.API.NunitConsole.csproj", "{77169287-050A-423F-9DDA-6B366A95459E}"
EndProject
Global
	GlobalSection(SolutionConfigurationPlatforms) = preSolution
		Debug|Any CPU = Debug|Any CPU
		Release|Any CPU = Release|Any CPU
	EndGlobalSection
	GlobalSection(ProjectConfigurationPlatforms) = postSolution
		{E2026F95-BA6B-448A-A98E-36879F3C099A}.Debug|Any CPU.ActiveCfg = Debug|Any CPU
		{E2026F95-BA6B-448A-A98E-36879F3C099A}.Debug|Any CPU.Build.0 = Debug|Any CPU
		{E2026F95-BA6B-448A-A98E-36879F3C099A}.Release|Any CPU.ActiveCfg = Release|Any CPU
		{E2026F95-BA6B-448A-A98E-36879F3C099A}.Release|Any CPU.Build.0 = Release|Any CPU
		{77169287-050A-423F-9DDA-6B366A95459E}.Debug|Any CPU.ActiveCfg = Debug|Any CPU
		{77169287-050A-423F-9DDA-6B366A95459E}.Debug|Any CPU.Build.0 = Debug|Any CPU
		{77169287-050A-423F-9DDA-6B366A95459E}.Release|Any CPU.ActiveCfg = Release|Any CPU
		{77169287-050A-423F-9DDA-6B366A95459E}.Release|Any CPU.Build.0 = Release|Any CPU
	EndGlobalSection
	GlobalSection(SolutionProperties) = preSolution
		HideSolutionNode = FALSE
	EndGlobalSection
	GlobalSection(ExtensibilityGlobals) = postSolution
		SolutionGuid = {FE71E856-1383-45E7-A168-BA54BFBB8BC9}
	EndGlobalSection
EndGlobal
